
Microsoft Visual Studio Solution File, Format Version 12.00
# Visual Studio 2012
VisualStudioVersion = 12.0.31101.0
MinimumVisualStudioVersion = 10.0.40219.1
Project("{FAE04EC0-301F-11D3-BF4B-00C04F79EFBC}") = "FormsNetworkConnectivity", "FormsNetworkConnectivity\FormsNetworkConnectivity\FormsNetworkConnectivity.csproj", "{FEAE3DB9-5ABF-454E-A1E3-F9CA3446EECD}"
EndProject
Project("{FAE04EC0-301F-11D3-BF4B-00C04F79EFBC}") = "FormsNetworkConnectivity.iOS", "FormsNetworkConnectivity\FormsNetworkConnectivity.iOS\FormsNetworkConnectivity.iOS.csproj", "{0935047E-45D4-4188-8A37-C7BCDD2D2DC8}"
EndProject
Global
	GlobalSection(SolutionConfigurationPlatforms) = preSolution
		Ad-Hoc|Any CPU = Ad-Hoc|Any CPU
		Ad-Hoc|iPhone = Ad-Hoc|iPhone
		Ad-Hoc|iPhoneSimulator = Ad-Hoc|iPhoneSimulator
		Ad-Hoc|Mixed Platforms = Ad-Hoc|Mixed Platforms
		AppStore|Any CPU = AppStore|Any CPU
		AppStore|iPhone = AppStore|iPhone
		AppStore|iPhoneSimulator = AppStore|iPhoneSimulator
		AppStore|Mixed Platforms = AppStore|Mixed Platforms
		Debug|Any CPU = Debug|Any CPU
		Debug|iPhone = Debug|iPhone
		Debug|iPhoneSimulator = Debug|iPhoneSimulator
		Debug|Mixed Platforms = Debug|Mixed Platforms
		Release|Any CPU = Release|Any CPU
		Release|iPhone = Release|iPhone
		Release|iPhoneSimulator = Release|iPhoneSimulator
		Release|Mixed Platforms = Release|Mixed Platforms
	EndGlobalSection
	GlobalSection(ProjectConfigurationPlatforms) = postSolution
		{0935047E-45D4-4188-8A37-C7BCDD2D2DC8}.Ad-Hoc|Any CPU.ActiveCfg = Ad-Hoc|iPhone
		{0935047E-45D4-4188-8A37-C7BCDD2D2DC8}.Ad-Hoc|iPhone.ActiveCfg = Ad-Hoc|iPhone
		{0935047E-45D4-4188-8A37-C7BCDD2D2DC8}.Ad-Hoc|iPhone.Build.0 = Ad-Hoc|iPhone
		{0935047E-45D4-4188-8A37-C7BCDD2D2DC8}.Ad-Hoc|iPhoneSimulator.ActiveCfg = Ad-Hoc|iPhoneSimulator
		{0935047E-45D4-4188-8A37-C7BCDD2D2DC8}.Ad-Hoc|iPhoneSimulator.Build.0 = Ad-Hoc|iPhoneSimulator
		{0935047E-45D4-4188-8A37-C7BCDD2D2DC8}.Ad-Hoc|Mixed Platforms.ActiveCfg = Ad-Hoc|iPhone
		{0935047E-45D4-4188-8A37-C7BCDD2D2DC8}.Ad-Hoc|Mixed Platforms.Build.0 = Ad-Hoc|iPhone
		{0935047E-45D4-4188-8A37-C7BCDD2D2DC8}.AppStore|Any CPU.ActiveCfg = AppStore|iPhone
		{0935047E-45D4-4188-8A37-C7BCDD2D2DC8}.AppStore|iPhone.ActiveCfg = AppStore|iPhone
		{0935047E-45D4-4188-8A37-C7BCDD2D2DC8}.AppStore|iPhone.Build.0 = AppStore|iPhone
		{0935047E-45D4-4188-8A37-C7BCDD2D2DC8}.AppStore|iPhoneSimulator.ActiveCfg = AppStore|iPhoneSimulator
		{0935047E-45D4-4188-8A37-C7BCDD2D2DC8}.AppStore|iPhoneSimulator.Build.0 = AppStore|iPhoneSimulator
		{0935047E-45D4-4188-8A37-C7BCDD2D2DC8}.AppStore|Mixed Platforms.ActiveCfg = AppStore|iPhone
		{0935047E-45D4-4188-8A37-C7BCDD2D2DC8}.AppStore|Mixed Platforms.Build.0 = AppStore|iPhone
		{0935047E-45D4-4188-8A37-C7BCDD2D2DC8}.Debug|Any CPU.ActiveCfg = Debug|iPhone
		{0935047E-45D4-4188-8A37-C7BCDD2D2DC8}.Debug|Any CPU.Build.0 = Debug|iPhone
		{0935047E-45D4-4188-8A37-C7BCDD2D2DC8}.Debug|iPhone.ActiveCfg = Debug|iPhone
		{0935047E-45D4-4188-8A37-C7BCDD2D2DC8}.Debug|iPhone.Build.0 = Debug|iPhone
		{0935047E-45D4-4188-8A37-C7BCDD2D2DC8}.Debug|iPhoneSimulator.ActiveCfg = Debug|iPhoneSimulator
		{0935047E-45D4-4188-8A37-C7BCDD2D2DC8}.Debug|iPhoneSimulator.Build.0 = Debug|iPhoneSimulator
		{0935047E-45D4-4188-8A37-C7BCDD2D2DC8}.Debug|Mixed Platforms.ActiveCfg = Debug|iPhone
		{0935047E-45D4-4188-8A37-C7BCDD2D2DC8}.Debug|Mixed Platforms.Build.0 = Debug|iPhone
		{0935047E-45D4-4188-8A37-C7BCDD2D2DC8}.Release|Any CPU.ActiveCfg = Release|iPhone
		{0935047E-45D4-4188-8A37-C7BCDD2D2DC8}.Release|iPhone.ActiveCfg = Release|iPhone
		{0935047E-45D4-4188-8A37-C7BCDD2D2DC8}.Release|iPhone.Build.0 = Release|iPhone
		{0935047E-45D4-4188-8A37-C7BCDD2D2DC8}.Release|iPhoneSimulator.ActiveCfg = Release|iPhoneSimulator
		{0935047E-45D4-4188-8A37-C7BCDD2D2DC8}.Release|iPhoneSimulator.Build.0 = Release|iPhoneSimulator
		{0935047E-45D4-4188-8A37-C7BCDD2D2DC8}.Release|Mixed Platforms.ActiveCfg = Release|iPhone
		{0935047E-45D4-4188-8A37-C7BCDD2D2DC8}.Release|Mixed Platforms.Build.0 = Release|iPhone
		{FEAE3DB9-5ABF-454E-A1E3-F9CA3446EECD}.Ad-Hoc|Any CPU.ActiveCfg = Release|Any CPU
		{FEAE3DB9-5ABF-454E-A1E3-F9CA3446EECD}.Ad-Hoc|Any CPU.Build.0 = Release|Any CPU
		{FEAE3DB9-5ABF-454E-A1E3-F9CA3446EECD}.Ad-Hoc|iPhone.ActiveCfg = Release|Any CPU
		{FEAE3DB9-5ABF-454E-A1E3-F9CA3446EECD}.Ad-Hoc|iPhoneSimulator.ActiveCfg = Release|Any CPU
		{FEAE3DB9-5ABF-454E-A1E3-F9CA3446EECD}.Ad-Hoc|Mixed Platforms.ActiveCfg = Release|Any CPU
		{FEAE3DB9-5ABF-454E-A1E3-F9CA3446EECD}.Ad-Hoc|Mixed Platforms.Build.0 = Release|Any CPU
		{FEAE3DB9-5ABF-454E-A1E3-F9CA3446EECD}.AppStore|Any CPU.ActiveCfg = Release|Any CPU
		{FEAE3DB9-5ABF-454E-A1E3-F9CA3446EECD}.AppStore|Any CPU.Build.0 = Release|Any CPU
		{FEAE3DB9-5ABF-454E-A1E3-F9CA3446EECD}.AppStore|iPhone.ActiveCfg = Release|Any CPU
		{FEAE3DB9-5ABF-454E-A1E3-F9CA3446EECD}.AppStore|iPhoneSimulator.ActiveCfg = Release|Any CPU
		{FEAE3DB9-5ABF-454E-A1E3-F9CA3446EECD}.AppStore|Mixed Platforms.ActiveCfg = Release|Any CPU
		{FEAE3DB9-5ABF-454E-A1E3-F9CA3446EECD}.AppStore|Mixed Platforms.Build.0 = Release|Any CPU
		{FEAE3DB9-5ABF-454E-A1E3-F9CA3446EECD}.Debug|Any CPU.ActiveCfg = Debug|Any CPU
		{FEAE3DB9-5ABF-454E-A1E3-F9CA3446EECD}.Debug|Any CPU.Build.0 = Debug|Any CPU
		{FEAE3DB9-5ABF-454E-A1E3-F9CA3446EECD}.Debug|iPhone.ActiveCfg = Debug|Any CPU
		{FEAE3DB9-5ABF-454E-A1E3-F9CA3446EECD}.Debug|iPhoneSimulator.ActiveCfg = Debug|Any CPU
		{FEAE3DB9-5ABF-454E-A1E3-F9CA3446EECD}.Debug|Mixed Platforms.ActiveCfg = Debug|Any CPU
		{FEAE3DB9-5ABF-454E-A1E3-F9CA3446EECD}.Debug|Mixed Platforms.Build.0 = Debug|Any CPU
		{FEAE3DB9-5ABF-454E-A1E3-F9CA3446EECD}.Release|Any CPU.ActiveCfg = Release|Any CPU
		{FEAE3DB9-5ABF-454E-A1E3-F9CA3446EECD}.Release|Any CPU.Build.0 = Release|Any CPU
		{FEAE3DB9-5ABF-454E-A1E3-F9CA3446EECD}.Release|iPhone.ActiveCfg = Release|Any CPU
		{FEAE3DB9-5ABF-454E-A1E3-F9CA3446EECD}.Release|iPhoneSimulator.ActiveCfg = Release|Any CPU
		{FEAE3DB9-5ABF-454E-A1E3-F9CA3446EECD}.Release|Mixed Platforms.ActiveCfg = Release|Any CPU
		{FEAE3DB9-5ABF-454E-A1E3-F9CA3446EECD}.Release|Mixed Platforms.Build.0 = Release|Any CPU
	EndGlobalSection
	GlobalSection(SolutionProperties) = preSolution
		HideSolutionNode = FALSE
	EndGlobalSection
EndGlobal
